
Microsoft Visual Studio Solution File, Format Version 12.00
# Visual Studio 15
VisualStudioVersion = 15.0.28307.779
MinimumVisualStudioVersion = 10.0.40219.1
Project("{FAE04EC0-301F-11D3-BF4B-00C04F79EFBC}") = "NumbersToWordsConverter", "NumbersToWordsConverter.csproj", "{E8CB432B-037E-489D-8554-8E77C83D4809}"
EndProject
Global
	GlobalSection(SolutionConfigurationPlatforms) = preSolution
		Debug|Any CPU = Debug|Any CPU
		Release|Any CPU = Release|Any CPU
	EndGlobalSection
	GlobalSection(ProjectConfigurationPlatforms) = postSolution
		{E8CB432B-037E-489D-8554-8E77C83D4809}.Debug|Any CPU.ActiveCfg = Debug|Any CPU
		{E8CB432B-037E-489D-8554-8E77C83D4809}.Debug|Any CPU.Build.0 = Debug|Any CPU
		{E8CB432B-037E-489D-8554-8E77C83D4809}.Release|Any CPU.ActiveCfg = Release|Any CPU
		{E8CB432B-037E-489D-8554-8E77C83D4809}.Release|Any CPU.Build.0 = Release|Any CPU
	EndGlobalSection
	GlobalSection(SolutionProperties) = preSolution
		HideSolutionNode = FALSE
	EndGlobalSection
	GlobalSection(ExtensibilityGlobals) = postSolution
		SolutionGuid = {E242B565-CB42-453B-990E-9468D2383AE0}
	EndGlobalSection
EndGlobal
